
Microsoft Visual Studio Solution File, Format Version 12.00
# Visual Studio Version 16
VisualStudioVersion = 16.0.32630.194
MinimumVisualStudioVersion = 10.0.40219.1
Project("{FAE04EC0-301F-11D3-BF4B-00C04F79EFBC}") = "UnityChangesetsRipper", "UnityChangesetsRipper.csproj", "{8167711F-849C-43EC-AFF5-3A3FC1A979C2}"
EndProject
Global
	GlobalSection(SolutionConfigurationPlatforms) = preSolution
		Debug|Any CPU = Debug|Any CPU
		Release|Any CPU = Release|Any CPU
	EndGlobalSection
	GlobalSection(ProjectConfigurationPlatforms) = postSolution
		{8167711F-849C-43EC-AFF5-3A3FC1A979C2}.Debug|Any CPU.ActiveCfg = Debug|Any CPU
		{8167711F-849C-43EC-AFF5-3A3FC1A979C2}.Debug|Any CPU.Build.0 = Debug|Any CPU
		{8167711F-849C-43EC-AFF5-3A3FC1A979C2}.Release|Any CPU.ActiveCfg = Release|Any CPU
		{8167711F-849C-43EC-AFF5-3A3FC1A979C2}.Release|Any CPU.Build.0 = Release|Any CPU
	EndGlobalSection
	GlobalSection(SolutionProperties) = preSolution
		HideSolutionNode = FALSE
	EndGlobalSection
	GlobalSection(ExtensibilityGlobals) = postSolution
		SolutionGuid = {1C46F4A7-F3FA-4547-A8BF-EC1C4244A067}
	EndGlobalSection
EndGlobal
